{
  "name": "simplou-youtube-explorer",
  "version": "1.0.0",
  "lockfileVersion": 3,
  "requires": true,
  "packages": {
    "": {
      "name": "simplou-youtube-explorer",
      "version": "1.0.0",
      "license": "ISC",
      "dependencies": {
        "@types/gapi": "^0.0.47",
        "dotenv": "^16.4.5"
      }
    },
    "node_modules/@types/gapi": {
      "version": "0.0.47",
      "resolved": "https://registry.npmjs.org/@types/gapi/-/gapi-0.0.47.tgz",
      "integrity": "sha512-/ZsLuq6BffMgbKMtZyDZ8vwQvTyKhKQ1G2K6VyWCgtHHhfSSXbk4+4JwImZiTjWNXfI2q1ZStAwFFHSkNoTkHA=="
    },
    "node_modules/dotenv": {
      "version": "16.4.5",
      "resolved": "https://registry.npmjs.org/dotenv/-/dotenv-16.4.5.tgz",
      "integrity": "sha512-ZmdL2rui+eB2YwhsWzjInR8LldtZHGDoQ1ugH85ppHKwpUHL7j7rN0Ti9NCnGiQbhaZ11FpR+7ao1dNsmduNUg==",
      "engines": {
        "node": ">=12"
      },
      "funding": {
        "url": "https://dotenvx.com"
      }
    }
  }
}
